
Microsoft Visual Studio Solution File, Format Version 12.00
# Visual Studio Version 16
VisualStudioVersion = 16.0.31112.23
MinimumVisualStudioVersion = 10.0.40219.1
Project("{2150E333-8FDC-42A3-9474-1A3956D46DE8}") = "01_Serizalization", "01_Serizalization", "{AA1C3F44-3C4C-4D84-997F-D7224FBABDA3}"
EndProject
Project("{FAE04EC0-301F-11D3-BF4B-00C04F79EFBC}") = "SerializationConsoleClient", "01_Serilization\SerializationConsoleClient\SerializationConsoleClient.csproj", "{E94BFE9D-85D4-4B66-A993-E8062E1E6C3E}"
EndProject
Project("{2150E333-8FDC-42A3-9474-1A3956D46DE8}") = "02_WCFService", "02_WCFService", "{1E7B301F-4D09-4A8D-88F8-E2A99F2DEF24}"
EndProject
Project("{FAE04EC0-301F-11D3-BF4B-00C04F79EFBC}") = "IHelloServices", "02_WCFService\IHelloServices\IHelloServices.csproj", "{7C11AF12-59F2-41EF-AB07-DDCD49B4A03F}"
EndProject
Project("{2150E333-8FDC-42A3-9474-1A3956D46DE8}") = "Drafts", "Drafts", "{506A1070-9086-4F07-AE72-B093D47A0BED}"
EndProject
Project("{FAE04EC0-301F-11D3-BF4B-00C04F79EFBC}") = "FakeHelloServices", "02_WCFService\FakeHelloService\FakeHelloServices.csproj", "{A7935930-8008-408B-AE60-A6A1F8282172}"
EndProject
Project("{FAE04EC0-301F-11D3-BF4B-00C04F79EFBC}") = "HelloServiceHost", "02_WCFService\HelloServiceHost\HelloServiceHost.csproj", "{01DED046-08CD-429C-BC37-3A5E539AB8BE}"
EndProject
Project("{FAE04EC0-301F-11D3-BF4B-00C04F79EFBC}") = "HelloServiceConsoleClient", "02_WCFService\HelloServiceConsoleClient\HelloServiceConsoleClient.csproj", "{B1F65D1D-1AC0-4874-9A23-04FC58F9A7ED}"
EndProject
Project("{2150E333-8FDC-42A3-9474-1A3956D46DE8}") = "03_IISHosting", "03_IISHosting", "{568EB673-D2B1-42A7-8DF3-64A6F23CBB7C}"
EndProject
Project("{FAE04EC0-301F-11D3-BF4B-00C04F79EFBC}") = "HelloService", "03_IISHosting\HelloService\HelloService.csproj", "{B513187C-FE4A-43F4-91A2-1F0B4F8478D5}"
EndProject
Project("{FAE04EC0-301F-11D3-BF4B-00C04F79EFBC}") = "HelloServiceConsoleClient", "03_IISHosting\HelloServiceConsoleClient\HelloServiceConsoleClient.csproj", "{1F0D9E5C-51E8-43D4-88EB-BBB6CDB5C2D3}"
	ProjectSection(ProjectDependencies) = postProject
		{B513187C-FE4A-43F4-91A2-1F0B4F8478D5} = {B513187C-FE4A-43F4-91A2-1F0B4F8478D5}
	EndProjectSection
EndProject
Project("{FAE04EC0-301F-11D3-BF4B-00C04F79EFBC}") = "Models", "02_WCFService\Models\Models.csproj", "{DED9C93F-A996-449E-A10A-54723FA5D6C9}"
EndProject
Project("{FAE04EC0-301F-11D3-BF4B-00C04F79EFBC}") = "Models", "03_IISHosting\Models\Models.csproj", "{8208C9A9-22BB-4BF3-B07B-2C900B347E86}"
EndProject
Project("{2150E333-8FDC-42A3-9474-1A3956D46DE8}") = "04_Exceptions", "04_Exceptions", "{481490FF-8604-4C3C-A066-3E8BA876AC5C}"
EndProject
Project("{FAE04EC0-301F-11D3-BF4B-00C04F79EFBC}") = "CalculatorServices", "04_Exceptions\CalculatorServices\CalculatorServices.csproj", "{3D46E676-8E86-4E1C-97D5-2ACB202A9840}"
EndProject
Project("{FAE04EC0-301F-11D3-BF4B-00C04F79EFBC}") = "CalculatorServiceHost", "04_Exceptions\CalculatorServiceHost\CalculatorServiceHost.csproj", "{7801A6FD-7BFD-43C4-B786-54BBB55B0716}"
EndProject
Project("{FAE04EC0-301F-11D3-BF4B-00C04F79EFBC}") = "CalculatorServiceConsoleClient", "04_Exceptions\CalculatorServiceConsoleClient\CalculatorServiceConsoleClient.csproj", "{6FC67487-E804-4057-95A9-7D37C7C4513D}"
EndProject
Project("{2150E333-8FDC-42A3-9474-1A3956D46DE8}") = "05_MessageContracts", "05_MessageContracts", "{8695E461-C399-476D-9110-D64C5B8D103A}"
EndProject
Project("{FAE04EC0-301F-11D3-BF4B-00C04F79EFBC}") = "EmployeeServices", "05_MessageContracts\EmployeeService\EmployeeServices.csproj", "{7AEB9612-B45B-4AE7-AFEE-415C369353D2}"
EndProject
Project("{FAE04EC0-301F-11D3-BF4B-00C04F79EFBC}") = "EmployeeServiceHost", "05_MessageContracts\EmployeeServiceHost\EmployeeServiceHost.csproj", "{C77D798C-1E51-491C-9FFF-439B8C8344FB}"
EndProject
Project("{2150E333-8FDC-42A3-9474-1A3956D46DE8}") = "06_RestApi", "06_RestApi", "{05C769AE-60E0-4C0B-98FB-6424673EEA5D}"
EndProject
Project("{FAE04EC0-301F-11D3-BF4B-00C04F79EFBC}") = "ProductServices", "06_RestApi\ProductServices\ProductServices.csproj", "{E86658F8-3A4D-4011-8C8B-4B84B2CEDEA4}"
EndProject
Project("{FAE04EC0-301F-11D3-BF4B-00C04F79EFBC}") = "ProductServiceHost", "06_RestApi\ProductServiceHost\ProductServiceHost.csproj", "{88A95EC4-BCBE-4120-993C-CCCF7E0F7580}"
EndProject
Project("{2150E333-8FDC-42A3-9474-1A3956D46DE8}") = "07_WebApi", "07_WebApi", "{05616848-A262-4108-AE44-672ACC601A7B}"
EndProject
Project("{FAE04EC0-301F-11D3-BF4B-00C04F79EFBC}") = "Models", "07_WebApi\Models\Models.csproj", "{40794644-C611-4BC3-B237-7899E989A13D}"
EndProject
Project("{FAE04EC0-301F-11D3-BF4B-00C04F79EFBC}") = "IServices", "07_WebApi\IServices\IServices.csproj", "{BBBB0555-163C-405B-A20F-65334036C60D}"
EndProject
Project("{FAE04EC0-301F-11D3-BF4B-00C04F79EFBC}") = "FakeServices", "07_WebApi\FakeServices\FakeServices.csproj", "{C11C488F-00BB-4DDC-8D7E-A6450FAC0481}"
EndProject
Project("{FAE04EC0-301F-11D3-BF4B-00C04F79EFBC}") = "WebApiService", "07_WebApi\WebApiService\WebApiService.csproj", "{DCDC992D-F825-4CBE-B51E-6390F6E27EF3}"
EndProject
Project("{FAE04EC0-301F-11D3-BF4B-00C04F79EFBC}") = "DbServices", "07_WebApi\DbServices\DbServices.csproj", "{42390829-9E4D-43A3-A3E7-2807A73CFC9E}"
EndProject
Project("{2150E333-8FDC-42A3-9474-1A3956D46DE8}") = "08_DotNetCoreApi", "08_DotNetCoreApi", "{16539D1A-B0A3-4749-A44C-1DEBAF34224C}"
EndProject
Project("{FAE04EC0-301F-11D3-BF4B-00C04F79EFBC}") = "Models", "08_DotNetCoreApi\Models\Models.csproj", "{796ADB65-13CF-4480-8BA2-B5A99E4DFF3E}"
EndProject
Project("{FAE04EC0-301F-11D3-BF4B-00C04F79EFBC}") = "IServices", "08_DotNetCoreApi\IServices\IServices.csproj", "{287BF19F-7EFB-4251-A1C5-7EA5C06B9E57}"
EndProject
Project("{FAE04EC0-301F-11D3-BF4B-00C04F79EFBC}") = "FakeServices", "08_DotNetCoreApi\FakeServices\FakeServices.csproj", "{9532B6D6-0EBA-4F21-92F9-28DA00E575B7}"
EndProject
Project("{FAE04EC0-301F-11D3-BF4B-00C04F79EFBC}") = "WebApiService", "08_DotNetCoreApi\WebApiService\WebApiService.csproj", "{0D73AFF3-CF4C-49AC-B0E5-B2ABCEC44805}"
EndProject
Global
	GlobalSection(SolutionConfigurationPlatforms) = preSolution
		Debug|Any CPU = Debug|Any CPU
		Release|Any CPU = Release|Any CPU
	EndGlobalSection
	GlobalSection(ProjectConfigurationPlatforms) = postSolution
		{E94BFE9D-85D4-4B66-A993-E8062E1E6C3E}.Debug|Any CPU.ActiveCfg = Debug|Any CPU
		{E94BFE9D-85D4-4B66-A993-E8062E1E6C3E}.Debug|Any CPU.Build.0 = Debug|Any CPU
		{E94BFE9D-85D4-4B66-A993-E8062E1E6C3E}.Release|Any CPU.ActiveCfg = Release|Any CPU
		{E94BFE9D-85D4-4B66-A993-E8062E1E6C3E}.Release|Any CPU.Build.0 = Release|Any CPU
		{7C11AF12-59F2-41EF-AB07-DDCD49B4A03F}.Debug|Any CPU.ActiveCfg = Debug|Any CPU
		{7C11AF12-59F2-41EF-AB07-DDCD49B4A03F}.Debug|Any CPU.Build.0 = Debug|Any CPU
		{7C11AF12-59F2-41EF-AB07-DDCD49B4A03F}.Release|Any CPU.ActiveCfg = Release|Any CPU
		{7C11AF12-59F2-41EF-AB07-DDCD49B4A03F}.Release|Any CPU.Build.0 = Release|Any CPU
		{A7935930-8008-408B-AE60-A6A1F8282172}.Debug|Any CPU.ActiveCfg = Debug|Any CPU
		{A7935930-8008-408B-AE60-A6A1F8282172}.Debug|Any CPU.Build.0 = Debug|Any CPU
		{A7935930-8008-408B-AE60-A6A1F8282172}.Release|Any CPU.ActiveCfg = Release|Any CPU
		{A7935930-8008-408B-AE60-A6A1F8282172}.Release|Any CPU.Build.0 = Release|Any CPU
		{01DED046-08CD-429C-BC37-3A5E539AB8BE}.Debug|Any CPU.ActiveCfg = Debug|Any CPU
		{01DED046-08CD-429C-BC37-3A5E539AB8BE}.Debug|Any CPU.Build.0 = Debug|Any CPU
		{01DED046-08CD-429C-BC37-3A5E539AB8BE}.Release|Any CPU.ActiveCfg = Release|Any CPU
		{01DED046-08CD-429C-BC37-3A5E539AB8BE}.Release|Any CPU.Build.0 = Release|Any CPU
		{B1F65D1D-1AC0-4874-9A23-04FC58F9A7ED}.Debug|Any CPU.ActiveCfg = Debug|Any CPU
		{B1F65D1D-1AC0-4874-9A23-04FC58F9A7ED}.Debug|Any CPU.Build.0 = Debug|Any CPU
		{B1F65D1D-1AC0-4874-9A23-04FC58F9A7ED}.Release|Any CPU.ActiveCfg = Release|Any CPU
		{B1F65D1D-1AC0-4874-9A23-04FC58F9A7ED}.Release|Any CPU.Build.0 = Release|Any CPU
		{B513187C-FE4A-43F4-91A2-1F0B4F8478D5}.Debug|Any CPU.ActiveCfg = Debug|Any CPU
		{B513187C-FE4A-43F4-91A2-1F0B4F8478D5}.Debug|Any CPU.Build.0 = Debug|Any CPU
		{B513187C-FE4A-43F4-91A2-1F0B4F8478D5}.Release|Any CPU.ActiveCfg = Release|Any CPU
		{B513187C-FE4A-43F4-91A2-1F0B4F8478D5}.Release|Any CPU.Build.0 = Release|Any CPU
		{1F0D9E5C-51E8-43D4-88EB-BBB6CDB5C2D3}.Debug|Any CPU.ActiveCfg = Debug|Any CPU
		{1F0D9E5C-51E8-43D4-88EB-BBB6CDB5C2D3}.Debug|Any CPU.Build.0 = Debug|Any CPU
		{1F0D9E5C-51E8-43D4-88EB-BBB6CDB5C2D3}.Release|Any CPU.ActiveCfg = Release|Any CPU
		{1F0D9E5C-51E8-43D4-88EB-BBB6CDB5C2D3}.Release|Any CPU.Build.0 = Release|Any CPU
		{DED9C93F-A996-449E-A10A-54723FA5D6C9}.Debug|Any CPU.ActiveCfg = Debug|Any CPU
		{DED9C93F-A996-449E-A10A-54723FA5D6C9}.Debug|Any CPU.Build.0 = Debug|Any CPU
		{DED9C93F-A996-449E-A10A-54723FA5D6C9}.Release|Any CPU.ActiveCfg = Release|Any CPU
		{DED9C93F-A996-449E-A10A-54723FA5D6C9}.Release|Any CPU.Build.0 = Release|Any CPU
		{8208C9A9-22BB-4BF3-B07B-2C900B347E86}.Debug|Any CPU.ActiveCfg = Debug|Any CPU
		{8208C9A9-22BB-4BF3-B07B-2C900B347E86}.Debug|Any CPU.Build.0 = Debug|Any CPU
		{8208C9A9-22BB-4BF3-B07B-2C900B347E86}.Release|Any CPU.ActiveCfg = Release|Any CPU
		{8208C9A9-22BB-4BF3-B07B-2C900B347E86}.Release|Any CPU.Build.0 = Release|Any CPU
		{3D46E676-8E86-4E1C-97D5-2ACB202A9840}.Debug|Any CPU.ActiveCfg = Debug|Any CPU
		{3D46E676-8E86-4E1C-97D5-2ACB202A9840}.Debug|Any CPU.Build.0 = Debug|Any CPU
		{3D46E676-8E86-4E1C-97D5-2ACB202A9840}.Release|Any CPU.ActiveCfg = Release|Any CPU
		{3D46E676-8E86-4E1C-97D5-2ACB202A9840}.Release|Any CPU.Build.0 = Release|Any CPU
		{7801A6FD-7BFD-43C4-B786-54BBB55B0716}.Debug|Any CPU.ActiveCfg = Debug|Any CPU
		{7801A6FD-7BFD-43C4-B786-54BBB55B0716}.Debug|Any CPU.Build.0 = Debug|Any CPU
		{7801A6FD-7BFD-43C4-B786-54BBB55B0716}.Release|Any CPU.ActiveCfg = Release|Any CPU
		{7801A6FD-7BFD-43C4-B786-54BBB55B0716}.Release|Any CPU.Build.0 = Release|Any CPU
		{6FC67487-E804-4057-95A9-7D37C7C4513D}.Debug|Any CPU.ActiveCfg = Debug|Any CPU
		{6FC67487-E804-4057-95A9-7D37C7C4513D}.Debug|Any CPU.Build.0 = Debug|Any CPU
		{6FC67487-E804-4057-95A9-7D37C7C4513D}.Release|Any CPU.ActiveCfg = Release|Any CPU
		{6FC67487-E804-4057-95A9-7D37C7C4513D}.Release|Any CPU.Build.0 = Release|Any CPU
		{7AEB9612-B45B-4AE7-AFEE-415C369353D2}.Debug|Any CPU.ActiveCfg = Debug|Any CPU
		{7AEB9612-B45B-4AE7-AFEE-415C369353D2}.Debug|Any CPU.Build.0 = Debug|Any CPU
		{7AEB9612-B45B-4AE7-AFEE-415C369353D2}.Release|Any CPU.ActiveCfg = Release|Any CPU
		{7AEB9612-B45B-4AE7-AFEE-415C369353D2}.Release|Any CPU.Build.0 = Release|Any CPU
		{C77D798C-1E51-491C-9FFF-439B8C8344FB}.Debug|Any CPU.ActiveCfg = Debug|Any CPU
		{C77D798C-1E51-491C-9FFF-439B8C8344FB}.Debug|Any CPU.Build.0 = Debug|Any CPU
		{C77D798C-1E51-491C-9FFF-439B8C8344FB}.Release|Any CPU.ActiveCfg = Release|Any CPU
		{C77D798C-1E51-491C-9FFF-439B8C8344FB}.Release|Any CPU.Build.0 = Release|Any CPU
		{E86658F8-3A4D-4011-8C8B-4B84B2CEDEA4}.Debug|Any CPU.ActiveCfg = Debug|Any CPU
		{E86658F8-3A4D-4011-8C8B-4B84B2CEDEA4}.Debug|Any CPU.Build.0 = Debug|Any CPU
		{E86658F8-3A4D-4011-8C8B-4B84B2CEDEA4}.Release|Any CPU.ActiveCfg = Release|Any CPU
		{E86658F8-3A4D-4011-8C8B-4B84B2CEDEA4}.Release|Any CPU.Build.0 = Release|Any CPU
		{88A95EC4-BCBE-4120-993C-CCCF7E0F7580}.Debug|Any CPU.ActiveCfg = Debug|Any CPU
		{88A95EC4-BCBE-4120-993C-CCCF7E0F7580}.Debug|Any CPU.Build.0 = Debug|Any CPU
		{88A95EC4-BCBE-4120-993C-CCCF7E0F7580}.Release|Any CPU.ActiveCfg = Release|Any CPU
		{88A95EC4-BCBE-4120-993C-CCCF7E0F7580}.Release|Any CPU.Build.0 = Release|Any CPU
		{40794644-C611-4BC3-B237-7899E989A13D}.Debug|Any CPU.ActiveCfg = Debug|Any CPU
		{40794644-C611-4BC3-B237-7899E989A13D}.Debug|Any CPU.Build.0 = Debug|Any CPU
		{40794644-C611-4BC3-B237-7899E989A13D}.Release|Any CPU.ActiveCfg = Release|Any CPU
		{40794644-C611-4BC3-B237-7899E989A13D}.Release|Any CPU.Build.0 = Release|Any CPU
		{BBBB0555-163C-405B-A20F-65334036C60D}.Debug|Any CPU.ActiveCfg = Debug|Any CPU
		{BBBB0555-163C-405B-A20F-65334036C60D}.Debug|Any CPU.Build.0 = Debug|Any CPU
		{BBBB0555-163C-405B-A20F-65334036C60D}.Release|Any CPU.ActiveCfg = Release|Any CPU
		{BBBB0555-163C-405B-A20F-65334036C60D}.Release|Any CPU.Build.0 = Release|Any CPU
		{C11C488F-00BB-4DDC-8D7E-A6450FAC0481}.Debug|Any CPU.ActiveCfg = Debug|Any CPU
		{C11C488F-00BB-4DDC-8D7E-A6450FAC0481}.Debug|Any CPU.Build.0 = Debug|Any CPU
		{C11C488F-00BB-4DDC-8D7E-A6450FAC0481}.Release|Any CPU.ActiveCfg = Release|Any CPU
		{C11C488F-00BB-4DDC-8D7E-A6450FAC0481}.Release|Any CPU.Build.0 = Release|Any CPU
		{DCDC992D-F825-4CBE-B51E-6390F6E27EF3}.Debug|Any CPU.ActiveCfg = Debug|Any CPU
		{DCDC992D-F825-4CBE-B51E-6390F6E27EF3}.Debug|Any CPU.Build.0 = Debug|Any CPU
		{DCDC992D-F825-4CBE-B51E-6390F6E27EF3}.Release|Any CPU.ActiveCfg = Release|Any CPU
		{DCDC992D-F825-4CBE-B51E-6390F6E27EF3}.Release|Any CPU.Build.0 = Release|Any CPU
		{42390829-9E4D-43A3-A3E7-2807A73CFC9E}.Debug|Any CPU.ActiveCfg = Debug|Any CPU
		{42390829-9E4D-43A3-A3E7-2807A73CFC9E}.Debug|Any CPU.Build.0 = Debug|Any CPU
		{42390829-9E4D-43A3-A3E7-2807A73CFC9E}.Release|Any CPU.ActiveCfg = Release|Any CPU
		{42390829-9E4D-43A3-A3E7-2807A73CFC9E}.Release|Any CPU.Build.0 = Release|Any CPU
		{796ADB65-13CF-4480-8BA2-B5A99E4DFF3E}.Debug|Any CPU.ActiveCfg = Debug|Any CPU
		{796ADB65-13CF-4480-8BA2-B5A99E4DFF3E}.Debug|Any CPU.Build.0 = Debug|Any CPU
		{796ADB65-13CF-4480-8BA2-B5A99E4DFF3E}.Release|Any CPU.ActiveCfg = Release|Any CPU
		{796ADB65-13CF-4480-8BA2-B5A99E4DFF3E}.Release|Any CPU.Build.0 = Release|Any CPU
		{287BF19F-7EFB-4251-A1C5-7EA5C06B9E57}.Debug|Any CPU.ActiveCfg = Debug|Any CPU
		{287BF19F-7EFB-4251-A1C5-7EA5C06B9E57}.Debug|Any CPU.Build.0 = Debug|Any CPU
		{287BF19F-7EFB-4251-A1C5-7EA5C06B9E57}.Release|Any CPU.ActiveCfg = Release|Any CPU
		{287BF19F-7EFB-4251-A1C5-7EA5C06B9E57}.Release|Any CPU.Build.0 = Release|Any CPU
		{9532B6D6-0EBA-4F21-92F9-28DA00E575B7}.Debug|Any CPU.ActiveCfg = Debug|Any CPU
		{9532B6D6-0EBA-4F21-92F9-28DA00E575B7}.Debug|Any CPU.Build.0 = Debug|Any CPU
		{9532B6D6-0EBA-4F21-92F9-28DA00E575B7}.Release|Any CPU.ActiveCfg = Release|Any CPU
		{9532B6D6-0EBA-4F21-92F9-28DA00E575B7}.Release|Any CPU.Build.0 = Release|Any CPU
		{0D73AFF3-CF4C-49AC-B0E5-B2ABCEC44805}.Debug|Any CPU.ActiveCfg = Debug|Any CPU
		{0D73AFF3-CF4C-49AC-B0E5-B2ABCEC44805}.Debug|Any CPU.Build.0 = Debug|Any CPU
		{0D73AFF3-CF4C-49AC-B0E5-B2ABCEC44805}.Release|Any CPU.ActiveCfg = Release|Any CPU
		{0D73AFF3-CF4C-49AC-B0E5-B2ABCEC44805}.Release|Any CPU.Build.0 = Release|Any CPU
	EndGlobalSection
	GlobalSection(SolutionProperties) = preSolution
		HideSolutionNode = FALSE
	EndGlobalSection
	GlobalSection(NestedProjects) = preSolution
		{E94BFE9D-85D4-4B66-A993-E8062E1E6C3E} = {AA1C3F44-3C4C-4D84-997F-D7224FBABDA3}
		{7C11AF12-59F2-41EF-AB07-DDCD49B4A03F} = {1E7B301F-4D09-4A8D-88F8-E2A99F2DEF24}
		{A7935930-8008-408B-AE60-A6A1F8282172} = {1E7B301F-4D09-4A8D-88F8-E2A99F2DEF24}
		{01DED046-08CD-429C-BC37-3A5E539AB8BE} = {1E7B301F-4D09-4A8D-88F8-E2A99F2DEF24}
		{B1F65D1D-1AC0-4874-9A23-04FC58F9A7ED} = {1E7B301F-4D09-4A8D-88F8-E2A99F2DEF24}
		{B513187C-FE4A-43F4-91A2-1F0B4F8478D5} = {568EB673-D2B1-42A7-8DF3-64A6F23CBB7C}
		{1F0D9E5C-51E8-43D4-88EB-BBB6CDB5C2D3} = {568EB673-D2B1-42A7-8DF3-64A6F23CBB7C}
		{DED9C93F-A996-449E-A10A-54723FA5D6C9} = {1E7B301F-4D09-4A8D-88F8-E2A99F2DEF24}
		{8208C9A9-22BB-4BF3-B07B-2C900B347E86} = {568EB673-D2B1-42A7-8DF3-64A6F23CBB7C}
		{3D46E676-8E86-4E1C-97D5-2ACB202A9840} = {481490FF-8604-4C3C-A066-3E8BA876AC5C}
		{7801A6FD-7BFD-43C4-B786-54BBB55B0716} = {481490FF-8604-4C3C-A066-3E8BA876AC5C}
		{6FC67487-E804-4057-95A9-7D37C7C4513D} = {481490FF-8604-4C3C-A066-3E8BA876AC5C}
		{7AEB9612-B45B-4AE7-AFEE-415C369353D2} = {8695E461-C399-476D-9110-D64C5B8D103A}
		{C77D798C-1E51-491C-9FFF-439B8C8344FB} = {8695E461-C399-476D-9110-D64C5B8D103A}
		{E86658F8-3A4D-4011-8C8B-4B84B2CEDEA4} = {05C769AE-60E0-4C0B-98FB-6424673EEA5D}
		{88A95EC4-BCBE-4120-993C-CCCF7E0F7580} = {05C769AE-60E0-4C0B-98FB-6424673EEA5D}
		{40794644-C611-4BC3-B237-7899E989A13D} = {05616848-A262-4108-AE44-672ACC601A7B}
		{BBBB0555-163C-405B-A20F-65334036C60D} = {05616848-A262-4108-AE44-672ACC601A7B}
		{C11C488F-00BB-4DDC-8D7E-A6450FAC0481} = {05616848-A262-4108-AE44-672ACC601A7B}
		{DCDC992D-F825-4CBE-B51E-6390F6E27EF3} = {05616848-A262-4108-AE44-672ACC601A7B}
		{42390829-9E4D-43A3-A3E7-2807A73CFC9E} = {05616848-A262-4108-AE44-672ACC601A7B}
		{796ADB65-13CF-4480-8BA2-B5A99E4DFF3E} = {16539D1A-B0A3-4749-A44C-1DEBAF34224C}
		{287BF19F-7EFB-4251-A1C5-7EA5C06B9E57} = {16539D1A-B0A3-4749-A44C-1DEBAF34224C}
		{9532B6D6-0EBA-4F21-92F9-28DA00E575B7} = {16539D1A-B0A3-4749-A44C-1DEBAF34224C}
		{0D73AFF3-CF4C-49AC-B0E5-B2ABCEC44805} = {16539D1A-B0A3-4749-A44C-1DEBAF34224C}
	EndGlobalSection
	GlobalSection(ExtensibilityGlobals) = postSolution
		SolutionGuid = {DF35B583-30D5-4A07-99E6-8357985B31E7}
	EndGlobalSection
EndGlobal
